
Microsoft Visual Studio Solution File, Format Version 12.00
# Visual Studio Version 17
VisualStudioVersion = 17.5.33627.172
MinimumVisualStudioVersion = 10.0.40219.1
Project("{FAE04EC0-301F-11D3-BF4B-00C04F79EFBC}") = "Aula08", "Aula08.csproj", "{641A7FF2-51D6-42E3-A606-17E079D014EE}"
EndProject
Global
	GlobalSection(SolutionConfigurationPlatforms) = preSolution
		Debug|Any CPU = Debug|Any CPU
		Release|Any CPU = Release|Any CPU
	EndGlobalSection
	GlobalSection(ProjectConfigurationPlatforms) = postSolution
		{641A7FF2-51D6-42E3-A606-17E079D014EE}.Debug|Any CPU.ActiveCfg = Debug|Any CPU
		{641A7FF2-51D6-42E3-A606-17E079D014EE}.Debug|Any CPU.Build.0 = Debug|Any CPU
		{641A7FF2-51D6-42E3-A606-17E079D014EE}.Release|Any CPU.ActiveCfg = Release|Any CPU
		{641A7FF2-51D6-42E3-A606-17E079D014EE}.Release|Any CPU.Build.0 = Release|Any CPU
	EndGlobalSection
	GlobalSection(SolutionProperties) = preSolution
		HideSolutionNode = FALSE
	EndGlobalSection
	GlobalSection(ExtensibilityGlobals) = postSolution
		SolutionGuid = {78180C9D-BA75-4DBA-8D2C-4D0E28E644F9}
	EndGlobalSection
EndGlobal
