
Microsoft Visual Studio Solution File, Format Version 12.00
# Visual Studio Version 17
VisualStudioVersion = 17.5.33627.172
MinimumVisualStudioVersion = 10.0.40219.1
Project("{9A19103F-16F7-4668-BE54-9A1E7A4F7556}") = "Aula08", "Aula08.csproj", "{641A7FF2-51D6-42E3-A606-17E079D014EE}"
EndProject
Project("{FAE04EC0-301F-11D3-BF4B-00C04F79EFBC}") = "Aula08.2", "..\Aula08.2\Aula08.2.csproj", "{2B7C716B-8F20-40BD-AB13-BBA9EC2D28F8}"
EndProject
Project("{FAE04EC0-301F-11D3-BF4B-00C04F79EFBC}") = "Aula08.3", "..\Aula08.3\Aula08.3.csproj", "{DBF8B528-7B71-4F3A-9890-45EE7D38C186}"
EndProject
Project("{FAE04EC0-301F-11D3-BF4B-00C04F79EFBC}") = "Aula08.4", "..\Aula08.4\Aula08.4.csproj", "{6A8AC139-3A2E-4765-91F9-F0902471EAF3}"
EndProject
Project("{FAE04EC0-301F-11D3-BF4B-00C04F79EFBC}") = "Aula08.5", "..\Aula08.5\Aula08.5.csproj", "{CF1506FC-13D6-44F6-B351-80F730E78EB6}"
EndProject
Project("{FAE04EC0-301F-11D3-BF4B-00C04F79EFBC}") = "Aula08.6", "..\Aula08.6\Aula08.6.csproj", "{8366A5F4-A84A-4558-9870-9D3EBB3C99CB}"
EndProject
Project("{FAE04EC0-301F-11D3-BF4B-00C04F79EFBC}") = "Aula08.7", "..\Aula08.7\Aula08.7.csproj", "{792C2F48-E5FF-4587-9562-7B56F14CE11B}"
EndProject
Global
	GlobalSection(SolutionConfigurationPlatforms) = preSolution
		Debug|Any CPU = Debug|Any CPU
		Release|Any CPU = Release|Any CPU
	EndGlobalSection
	GlobalSection(ProjectConfigurationPlatforms) = postSolution
		{641A7FF2-51D6-42E3-A606-17E079D014EE}.Debug|Any CPU.ActiveCfg = Debug|Any CPU
		{641A7FF2-51D6-42E3-A606-17E079D014EE}.Debug|Any CPU.Build.0 = Debug|Any CPU
		{641A7FF2-51D6-42E3-A606-17E079D014EE}.Release|Any CPU.ActiveCfg = Release|Any CPU
		{641A7FF2-51D6-42E3-A606-17E079D014EE}.Release|Any CPU.Build.0 = Release|Any CPU
		{2B7C716B-8F20-40BD-AB13-BBA9EC2D28F8}.Debug|Any CPU.ActiveCfg = Debug|Any CPU
		{2B7C716B-8F20-40BD-AB13-BBA9EC2D28F8}.Debug|Any CPU.Build.0 = Debug|Any CPU
		{2B7C716B-8F20-40BD-AB13-BBA9EC2D28F8}.Release|Any CPU.ActiveCfg = Release|Any CPU
		{2B7C716B-8F20-40BD-AB13-BBA9EC2D28F8}.Release|Any CPU.Build.0 = Release|Any CPU
		{DBF8B528-7B71-4F3A-9890-45EE7D38C186}.Debug|Any CPU.ActiveCfg = Debug|Any CPU
		{DBF8B528-7B71-4F3A-9890-45EE7D38C186}.Debug|Any CPU.Build.0 = Debug|Any CPU
		{DBF8B528-7B71-4F3A-9890-45EE7D38C186}.Release|Any CPU.ActiveCfg = Release|Any CPU
		{DBF8B528-7B71-4F3A-9890-45EE7D38C186}.Release|Any CPU.Build.0 = Release|Any CPU
		{6A8AC139-3A2E-4765-91F9-F0902471EAF3}.Debug|Any CPU.ActiveCfg = Debug|Any CPU
		{6A8AC139-3A2E-4765-91F9-F0902471EAF3}.Debug|Any CPU.Build.0 = Debug|Any CPU
		{6A8AC139-3A2E-4765-91F9-F0902471EAF3}.Release|Any CPU.ActiveCfg = Release|Any CPU
		{6A8AC139-3A2E-4765-91F9-F0902471EAF3}.Release|Any CPU.Build.0 = Release|Any CPU
		{CF1506FC-13D6-44F6-B351-80F730E78EB6}.Debug|Any CPU.ActiveCfg = Debug|Any CPU
		{CF1506FC-13D6-44F6-B351-80F730E78EB6}.Debug|Any CPU.Build.0 = Debug|Any CPU
		{CF1506FC-13D6-44F6-B351-80F730E78EB6}.Release|Any CPU.ActiveCfg = Release|Any CPU
		{CF1506FC-13D6-44F6-B351-80F730E78EB6}.Release|Any CPU.Build.0 = Release|Any CPU
		{8366A5F4-A84A-4558-9870-9D3EBB3C99CB}.Debug|Any CPU.ActiveCfg = Debug|Any CPU
		{8366A5F4-A84A-4558-9870-9D3EBB3C99CB}.Debug|Any CPU.Build.0 = Debug|Any CPU
		{8366A5F4-A84A-4558-9870-9D3EBB3C99CB}.Release|Any CPU.ActiveCfg = Release|Any CPU
		{8366A5F4-A84A-4558-9870-9D3EBB3C99CB}.Release|Any CPU.Build.0 = Release|Any CPU
		{792C2F48-E5FF-4587-9562-7B56F14CE11B}.Debug|Any CPU.ActiveCfg = Debug|Any CPU
		{792C2F48-E5FF-4587-9562-7B56F14CE11B}.Debug|Any CPU.Build.0 = Debug|Any CPU
		{792C2F48-E5FF-4587-9562-7B56F14CE11B}.Release|Any CPU.ActiveCfg = Release|Any CPU
		{792C2F48-E5FF-4587-9562-7B56F14CE11B}.Release|Any CPU.Build.0 = Release|Any CPU
	EndGlobalSection
	GlobalSection(SolutionProperties) = preSolution
		HideSolutionNode = FALSE
	EndGlobalSection
	GlobalSection(ExtensibilityGlobals) = postSolution
		SolutionGuid = {78180C9D-BA75-4DBA-8D2C-4D0E28E644F9}
	EndGlobalSection
EndGlobal
