
Microsoft Visual Studio Solution File, Format Version 12.00
# Visual Studio Version 17
VisualStudioVersion = 17.5.33627.172
MinimumVisualStudioVersion = 10.0.40219.1
Project("{FAE04EC0-301F-11D3-BF4B-00C04F79EFBC}") = "Aula04.1", "Aula04.1.csproj", "{3B60227C-F99D-4CA1-BBBD-ABA88538AE7A}"
EndProject
Project("{FAE04EC0-301F-11D3-BF4B-00C04F79EFBC}") = "Aula04.2", "..\Aula04.1\Aula04.2.csproj", "{C80C20B8-2F61-4D54-99E7-5DDB35C3CEC4}"
EndProject
Project("{FAE04EC0-301F-11D3-BF4B-00C04F79EFBC}") = "Aula04.3", "..\Aula04.3\Aula04.3.csproj", "{E5A8246E-5A71-4AE3-845B-6A6BCF426A73}"
EndProject
Global
	GlobalSection(SolutionConfigurationPlatforms) = preSolution
		Debug|Any CPU = Debug|Any CPU
		Release|Any CPU = Release|Any CPU
	EndGlobalSection
	GlobalSection(ProjectConfigurationPlatforms) = postSolution
		{3B60227C-F99D-4CA1-BBBD-ABA88538AE7A}.Debug|Any CPU.ActiveCfg = Debug|Any CPU
		{3B60227C-F99D-4CA1-BBBD-ABA88538AE7A}.Debug|Any CPU.Build.0 = Debug|Any CPU
		{3B60227C-F99D-4CA1-BBBD-ABA88538AE7A}.Release|Any CPU.ActiveCfg = Release|Any CPU
		{3B60227C-F99D-4CA1-BBBD-ABA88538AE7A}.Release|Any CPU.Build.0 = Release|Any CPU
		{C80C20B8-2F61-4D54-99E7-5DDB35C3CEC4}.Debug|Any CPU.ActiveCfg = Debug|Any CPU
		{C80C20B8-2F61-4D54-99E7-5DDB35C3CEC4}.Debug|Any CPU.Build.0 = Debug|Any CPU
		{C80C20B8-2F61-4D54-99E7-5DDB35C3CEC4}.Release|Any CPU.ActiveCfg = Release|Any CPU
		{C80C20B8-2F61-4D54-99E7-5DDB35C3CEC4}.Release|Any CPU.Build.0 = Release|Any CPU
		{E5A8246E-5A71-4AE3-845B-6A6BCF426A73}.Debug|Any CPU.ActiveCfg = Debug|Any CPU
		{E5A8246E-5A71-4AE3-845B-6A6BCF426A73}.Debug|Any CPU.Build.0 = Debug|Any CPU
		{E5A8246E-5A71-4AE3-845B-6A6BCF426A73}.Release|Any CPU.ActiveCfg = Release|Any CPU
		{E5A8246E-5A71-4AE3-845B-6A6BCF426A73}.Release|Any CPU.Build.0 = Release|Any CPU
	EndGlobalSection
	GlobalSection(SolutionProperties) = preSolution
		HideSolutionNode = FALSE
	EndGlobalSection
	GlobalSection(ExtensibilityGlobals) = postSolution
		SolutionGuid = {F66D3441-6E18-4BC6-83D0-02C4B39F637E}
	EndGlobalSection
EndGlobal
