
Microsoft Visual Studio Solution File, Format Version 12.00
# Visual Studio Version 17
VisualStudioVersion = 17.5.33627.172
MinimumVisualStudioVersion = 10.0.40219.1
Project("{9A19103F-16F7-4668-BE54-9A1E7A4F7556}") = "Aula06", "Aula06.csproj", "{76002109-FDB8-4A77-8509-D566FC68DD88}"
EndProject
Project("{9A19103F-16F7-4668-BE54-9A1E7A4F7556}") = "Aula06.2", "..\Aula06.2\Aula06.2.csproj", "{17DE1F22-B635-46A1-B73F-D2A330A841DE}"
EndProject
Project("{9A19103F-16F7-4668-BE54-9A1E7A4F7556}") = "Aula06.3", "..\Aula06.3\Aula06.3.csproj", "{B2B8997A-C3EC-403A-B235-628B1492546E}"
EndProject
Project("{9A19103F-16F7-4668-BE54-9A1E7A4F7556}") = "Aula06.4", "..\Aula06.4\Aula06.4.csproj", "{E1285E23-1FD9-4FDF-86A9-016A52AF261F}"
EndProject
Project("{9A19103F-16F7-4668-BE54-9A1E7A4F7556}") = "Aula06.5", "..\Aula06.5\Aula06.5.csproj", "{347ECED2-7751-4FB1-AAC3-DB67B182819A}"
EndProject
Project("{FAE04EC0-301F-11D3-BF4B-00C04F79EFBC}") = "Aula06.6", "..\Aula06.6\Aula06.6.csproj", "{3017B9AB-7200-4D5C-AC31-82600D077F7A}"
EndProject
Project("{FAE04EC0-301F-11D3-BF4B-00C04F79EFBC}") = "Aula06.7", "..\Aula06.7\Aula06.7.csproj", "{584F9C10-AC83-4A7D-B1EA-4B433C15E8EE}"
EndProject
Project("{FAE04EC0-301F-11D3-BF4B-00C04F79EFBC}") = "Aula06.8", "..\Aula06.8\Aula06.8.csproj", "{F54F8ABE-B262-4D0A-A07C-D60D2EADB757}"
EndProject
Project("{FAE04EC0-301F-11D3-BF4B-00C04F79EFBC}") = "Aula06.9", "..\Aula06.9\Aula06.9.csproj", "{C0DFE0E2-E5B3-472B-9684-D8F4CE0B5BDD}"
EndProject
Global
	GlobalSection(SolutionConfigurationPlatforms) = preSolution
		Debug|Any CPU = Debug|Any CPU
		Release|Any CPU = Release|Any CPU
	EndGlobalSection
	GlobalSection(ProjectConfigurationPlatforms) = postSolution
		{76002109-FDB8-4A77-8509-D566FC68DD88}.Debug|Any CPU.ActiveCfg = Debug|Any CPU
		{76002109-FDB8-4A77-8509-D566FC68DD88}.Debug|Any CPU.Build.0 = Debug|Any CPU
		{76002109-FDB8-4A77-8509-D566FC68DD88}.Release|Any CPU.ActiveCfg = Release|Any CPU
		{76002109-FDB8-4A77-8509-D566FC68DD88}.Release|Any CPU.Build.0 = Release|Any CPU
		{17DE1F22-B635-46A1-B73F-D2A330A841DE}.Debug|Any CPU.ActiveCfg = Debug|Any CPU
		{17DE1F22-B635-46A1-B73F-D2A330A841DE}.Debug|Any CPU.Build.0 = Debug|Any CPU
		{17DE1F22-B635-46A1-B73F-D2A330A841DE}.Release|Any CPU.ActiveCfg = Release|Any CPU
		{17DE1F22-B635-46A1-B73F-D2A330A841DE}.Release|Any CPU.Build.0 = Release|Any CPU
		{B2B8997A-C3EC-403A-B235-628B1492546E}.Debug|Any CPU.ActiveCfg = Debug|Any CPU
		{B2B8997A-C3EC-403A-B235-628B1492546E}.Debug|Any CPU.Build.0 = Debug|Any CPU
		{B2B8997A-C3EC-403A-B235-628B1492546E}.Release|Any CPU.ActiveCfg = Release|Any CPU
		{B2B8997A-C3EC-403A-B235-628B1492546E}.Release|Any CPU.Build.0 = Release|Any CPU
		{E1285E23-1FD9-4FDF-86A9-016A52AF261F}.Debug|Any CPU.ActiveCfg = Debug|Any CPU
		{E1285E23-1FD9-4FDF-86A9-016A52AF261F}.Debug|Any CPU.Build.0 = Debug|Any CPU
		{E1285E23-1FD9-4FDF-86A9-016A52AF261F}.Release|Any CPU.ActiveCfg = Release|Any CPU
		{E1285E23-1FD9-4FDF-86A9-016A52AF261F}.Release|Any CPU.Build.0 = Release|Any CPU
		{347ECED2-7751-4FB1-AAC3-DB67B182819A}.Debug|Any CPU.ActiveCfg = Debug|Any CPU
		{347ECED2-7751-4FB1-AAC3-DB67B182819A}.Debug|Any CPU.Build.0 = Debug|Any CPU
		{347ECED2-7751-4FB1-AAC3-DB67B182819A}.Release|Any CPU.ActiveCfg = Release|Any CPU
		{347ECED2-7751-4FB1-AAC3-DB67B182819A}.Release|Any CPU.Build.0 = Release|Any CPU
		{3017B9AB-7200-4D5C-AC31-82600D077F7A}.Debug|Any CPU.ActiveCfg = Debug|Any CPU
		{3017B9AB-7200-4D5C-AC31-82600D077F7A}.Debug|Any CPU.Build.0 = Debug|Any CPU
		{3017B9AB-7200-4D5C-AC31-82600D077F7A}.Release|Any CPU.ActiveCfg = Release|Any CPU
		{3017B9AB-7200-4D5C-AC31-82600D077F7A}.Release|Any CPU.Build.0 = Release|Any CPU
		{584F9C10-AC83-4A7D-B1EA-4B433C15E8EE}.Debug|Any CPU.ActiveCfg = Debug|Any CPU
		{584F9C10-AC83-4A7D-B1EA-4B433C15E8EE}.Debug|Any CPU.Build.0 = Debug|Any CPU
		{584F9C10-AC83-4A7D-B1EA-4B433C15E8EE}.Release|Any CPU.ActiveCfg = Release|Any CPU
		{584F9C10-AC83-4A7D-B1EA-4B433C15E8EE}.Release|Any CPU.Build.0 = Release|Any CPU
		{F54F8ABE-B262-4D0A-A07C-D60D2EADB757}.Debug|Any CPU.ActiveCfg = Debug|Any CPU
		{F54F8ABE-B262-4D0A-A07C-D60D2EADB757}.Debug|Any CPU.Build.0 = Debug|Any CPU
		{F54F8ABE-B262-4D0A-A07C-D60D2EADB757}.Release|Any CPU.ActiveCfg = Release|Any CPU
		{F54F8ABE-B262-4D0A-A07C-D60D2EADB757}.Release|Any CPU.Build.0 = Release|Any CPU
		{C0DFE0E2-E5B3-472B-9684-D8F4CE0B5BDD}.Debug|Any CPU.ActiveCfg = Debug|Any CPU
		{C0DFE0E2-E5B3-472B-9684-D8F4CE0B5BDD}.Debug|Any CPU.Build.0 = Debug|Any CPU
		{C0DFE0E2-E5B3-472B-9684-D8F4CE0B5BDD}.Release|Any CPU.ActiveCfg = Release|Any CPU
		{C0DFE0E2-E5B3-472B-9684-D8F4CE0B5BDD}.Release|Any CPU.Build.0 = Release|Any CPU
	EndGlobalSection
	GlobalSection(SolutionProperties) = preSolution
		HideSolutionNode = FALSE
	EndGlobalSection
	GlobalSection(ExtensibilityGlobals) = postSolution
		SolutionGuid = {A3001EE5-12F0-4FC5-80BF-CA8FE0332B3C}
	EndGlobalSection
EndGlobal
